
Microsoft Visual Studio Solution File, Format Version 12.00
# Visual Studio Version 16
VisualStudioVersion = 16.0.29411.108
MinimumVisualStudioVersion = 10.0.40219.1
Project("{9A19103F-16F7-4668-BE54-9A1E7A4F7556}") = "ECommerce.Api.Products", "ECommerce.Api.Products\ECommerce.Api.Products.csproj", "{8C4C3FD7-D517-4D03-90F8-69C105A88CC8}"
EndProject
Project("{9A19103F-16F7-4668-BE54-9A1E7A4F7556}") = "ECommerce.Api.Customers", "ECommerce.Api.Customers\ECommerce.Api.Customers.csproj", "{AB0762BD-FBFE-4A17-9443-EF2829B87863}"
EndProject
Project("{9A19103F-16F7-4668-BE54-9A1E7A4F7556}") = "ECommerce.Api.Orders", "ECommerce.Api.Orders\ECommerce.Api.Orders.csproj", "{68733AD1-7A97-4DC6-BC38-363B99E2A357}"
EndProject
Project("{9A19103F-16F7-4668-BE54-9A1E7A4F7556}") = "ECommerce.Api.Search", "ECommerce.Api.Search\ECommerce.Api.Search.csproj", "{4D1C320C-DDEB-4220-9240-DCF34D43902A}"
EndProject
Project("{FAE04EC0-301F-11D3-BF4B-00C04F79EFBC}") = "ECommerce.Api.Products.Tests", "ECommerce.Api.Products.Tests\ECommerce.Api.Products.Tests.csproj", "{70C13600-A680-4EBB-B049-4F57EFC1A113}"
EndProject
Global
	GlobalSection(SolutionConfigurationPlatforms) = preSolution
		Debug|Any CPU = Debug|Any CPU
		Release|Any CPU = Release|Any CPU
	EndGlobalSection
	GlobalSection(ProjectConfigurationPlatforms) = postSolution
		{8C4C3FD7-D517-4D03-90F8-69C105A88CC8}.Debug|Any CPU.ActiveCfg = Debug|Any CPU
		{8C4C3FD7-D517-4D03-90F8-69C105A88CC8}.Debug|Any CPU.Build.0 = Debug|Any CPU
		{8C4C3FD7-D517-4D03-90F8-69C105A88CC8}.Release|Any CPU.ActiveCfg = Release|Any CPU
		{8C4C3FD7-D517-4D03-90F8-69C105A88CC8}.Release|Any CPU.Build.0 = Release|Any CPU
		{AB0762BD-FBFE-4A17-9443-EF2829B87863}.Debug|Any CPU.ActiveCfg = Debug|Any CPU
		{AB0762BD-FBFE-4A17-9443-EF2829B87863}.Debug|Any CPU.Build.0 = Debug|Any CPU
		{AB0762BD-FBFE-4A17-9443-EF2829B87863}.Release|Any CPU.ActiveCfg = Release|Any CPU
		{AB0762BD-FBFE-4A17-9443-EF2829B87863}.Release|Any CPU.Build.0 = Release|Any CPU
		{68733AD1-7A97-4DC6-BC38-363B99E2A357}.Debug|Any CPU.ActiveCfg = Debug|Any CPU
		{68733AD1-7A97-4DC6-BC38-363B99E2A357}.Debug|Any CPU.Build.0 = Debug|Any CPU
		{68733AD1-7A97-4DC6-BC38-363B99E2A357}.Release|Any CPU.ActiveCfg = Release|Any CPU
		{68733AD1-7A97-4DC6-BC38-363B99E2A357}.Release|Any CPU.Build.0 = Release|Any CPU
		{4D1C320C-DDEB-4220-9240-DCF34D43902A}.Debug|Any CPU.ActiveCfg = Debug|Any CPU
		{4D1C320C-DDEB-4220-9240-DCF34D43902A}.Debug|Any CPU.Build.0 = Debug|Any CPU
		{4D1C320C-DDEB-4220-9240-DCF34D43902A}.Release|Any CPU.ActiveCfg = Release|Any CPU
		{4D1C320C-DDEB-4220-9240-DCF34D43902A}.Release|Any CPU.Build.0 = Release|Any CPU
		{70C13600-A680-4EBB-B049-4F57EFC1A113}.Debug|Any CPU.ActiveCfg = Debug|Any CPU
		{70C13600-A680-4EBB-B049-4F57EFC1A113}.Debug|Any CPU.Build.0 = Debug|Any CPU
		{70C13600-A680-4EBB-B049-4F57EFC1A113}.Release|Any CPU.ActiveCfg = Release|Any CPU
		{70C13600-A680-4EBB-B049-4F57EFC1A113}.Release|Any CPU.Build.0 = Release|Any CPU
	EndGlobalSection
	GlobalSection(SolutionProperties) = preSolution
		HideSolutionNode = FALSE
	EndGlobalSection
	GlobalSection(ExtensibilityGlobals) = postSolution
		SolutionGuid = {41369CFF-2D89-4680-9B45-2A4F9CEBEA37}
	EndGlobalSection
EndGlobal
